
Microsoft Visual Studio Solution File, Format Version 12.00
# Visual Studio Version 17
VisualStudioVersion = 17.3.32819.101
MinimumVisualStudioVersion = 10.0.40219.1
Project("{FAE04EC0-301F-11D3-BF4B-00C04F79EFBC}") = "csharp-advanced-programming", "csharp-advanced-programming.csproj", "{8AA9E082-D2ED-4411-AFD4-2FB010C1CDB5}"
EndProject
Global
	GlobalSection(SolutionConfigurationPlatforms) = preSolution
		Debug|Any CPU = Debug|Any CPU
		Release|Any CPU = Release|Any CPU
	EndGlobalSection
	GlobalSection(ProjectConfigurationPlatforms) = postSolution
		{8AA9E082-D2ED-4411-AFD4-2FB010C1CDB5}.Debug|Any CPU.ActiveCfg = Debug|Any CPU
		{8AA9E082-D2ED-4411-AFD4-2FB010C1CDB5}.Debug|Any CPU.Build.0 = Debug|Any CPU
		{8AA9E082-D2ED-4411-AFD4-2FB010C1CDB5}.Release|Any CPU.ActiveCfg = Release|Any CPU
		{8AA9E082-D2ED-4411-AFD4-2FB010C1CDB5}.Release|Any CPU.Build.0 = Release|Any CPU
	EndGlobalSection
	GlobalSection(SolutionProperties) = preSolution
		HideSolutionNode = FALSE
	EndGlobalSection
	GlobalSection(ExtensibilityGlobals) = postSolution
		SolutionGuid = {6DD6B7A5-B4B2-45FE-88E0-7391EBDAC939}
	EndGlobalSection
EndGlobal
